
Microsoft Visual Studio Solution File, Format Version 12.00
# Visual Studio 14
VisualStudioVersion = 14.0.25420.1
MinimumVisualStudioVersion = 10.0.40219.1
Project("{FAE04EC0-301F-11D3-BF4B-00C04F79EFBC}") = "FundManager", "FundManager\FundManager.csproj", "{6B794B8C-076D-4971-A15C-7E7AD1B6182E}"
EndProject
Project("{FAE04EC0-301F-11D3-BF4B-00C04F79EFBC}") = "FundManagerPresenterTests", "FundManagerControllerTests\FundManagerPresenterTests.csproj", "{D5F76403-E133-43DB-95E3-2DC812BB26FD}"
EndProject
Project("{FAE04EC0-301F-11D3-BF4B-00C04F79EFBC}") = "FundService", "FundService\FundService.csproj", "{FDBA3138-C5AC-46F5-AC38-2E62A706C16E}"
EndProject
Project("{FAE04EC0-301F-11D3-BF4B-00C04F79EFBC}") = "FundServiceTests", "FundServiceTests\FundServiceTests.csproj", "{79F70ED4-A07F-4B3D-AE1C-C8194CBC0B0A}"
EndProject
Project("{FAE04EC0-301F-11D3-BF4B-00C04F79EFBC}") = "StockInformationTests", "StockInformationTests\StockInformationTests.csproj", "{C24F80EC-4CD8-4C71-9AEC-1B1014ECB4D2}"
EndProject
Global
	GlobalSection(SolutionConfigurationPlatforms) = preSolution
		Debug|Any CPU = Debug|Any CPU
		Release|Any CPU = Release|Any CPU
	EndGlobalSection
	GlobalSection(ProjectConfigurationPlatforms) = postSolution
		{6B794B8C-076D-4971-A15C-7E7AD1B6182E}.Debug|Any CPU.ActiveCfg = Debug|Any CPU
		{6B794B8C-076D-4971-A15C-7E7AD1B6182E}.Debug|Any CPU.Build.0 = Debug|Any CPU
		{6B794B8C-076D-4971-A15C-7E7AD1B6182E}.Release|Any CPU.ActiveCfg = Release|Any CPU
		{6B794B8C-076D-4971-A15C-7E7AD1B6182E}.Release|Any CPU.Build.0 = Release|Any CPU
		{D5F76403-E133-43DB-95E3-2DC812BB26FD}.Debug|Any CPU.ActiveCfg = Debug|Any CPU
		{D5F76403-E133-43DB-95E3-2DC812BB26FD}.Debug|Any CPU.Build.0 = Debug|Any CPU
		{D5F76403-E133-43DB-95E3-2DC812BB26FD}.Release|Any CPU.ActiveCfg = Release|Any CPU
		{D5F76403-E133-43DB-95E3-2DC812BB26FD}.Release|Any CPU.Build.0 = Release|Any CPU
		{FDBA3138-C5AC-46F5-AC38-2E62A706C16E}.Debug|Any CPU.ActiveCfg = Debug|Any CPU
		{FDBA3138-C5AC-46F5-AC38-2E62A706C16E}.Debug|Any CPU.Build.0 = Debug|Any CPU
		{FDBA3138-C5AC-46F5-AC38-2E62A706C16E}.Release|Any CPU.ActiveCfg = Release|Any CPU
		{FDBA3138-C5AC-46F5-AC38-2E62A706C16E}.Release|Any CPU.Build.0 = Release|Any CPU
		{79F70ED4-A07F-4B3D-AE1C-C8194CBC0B0A}.Debug|Any CPU.ActiveCfg = Debug|Any CPU
		{79F70ED4-A07F-4B3D-AE1C-C8194CBC0B0A}.Debug|Any CPU.Build.0 = Debug|Any CPU
		{79F70ED4-A07F-4B3D-AE1C-C8194CBC0B0A}.Release|Any CPU.ActiveCfg = Release|Any CPU
		{79F70ED4-A07F-4B3D-AE1C-C8194CBC0B0A}.Release|Any CPU.Build.0 = Release|Any CPU
		{C24F80EC-4CD8-4C71-9AEC-1B1014ECB4D2}.Debug|Any CPU.ActiveCfg = Debug|Any CPU
		{C24F80EC-4CD8-4C71-9AEC-1B1014ECB4D2}.Debug|Any CPU.Build.0 = Debug|Any CPU
		{C24F80EC-4CD8-4C71-9AEC-1B1014ECB4D2}.Release|Any CPU.ActiveCfg = Release|Any CPU
		{C24F80EC-4CD8-4C71-9AEC-1B1014ECB4D2}.Release|Any CPU.Build.0 = Release|Any CPU
	EndGlobalSection
	GlobalSection(SolutionProperties) = preSolution
		HideSolutionNode = FALSE
	EndGlobalSection
EndGlobal
